// !$*UTF8*$!
{
	archiveVersion = 1;
	classes = {
	};
	objectVersion = 50;
	objects = {

/* Begin PBXBuildFile section */
		3551F7AC26DB5CEA000B95F1 /* DogDoor.swift in Sources */ = {isa = PBXBuildFile; fileRef = 3551F7AB26DB5CEA000B95F1 /* DogDoor.swift */; };
		3551F7AE26DB5D8E000B95F1 /* Remote.swift in Sources */ = {isa = PBXBuildFile; fileRef = 3551F7AD26DB5D8E000B95F1 /* Remote.swift */; };
		357F6CE726DB67B8000FB97C /* RemoteTests.swift in Sources */ = {isa = PBXBuildFile; fileRef = 357F6CE626DB67B8000FB97C /* RemoteTests.swift */; };
		358F859926C95D840032B711 /* FindGuitarTests.swift in Sources */ = {isa = PBXBuildFile; fileRef = 358F859826C95D840032B711 /* FindGuitarTests.swift */; };
		358F859F26C9654E0032B711 /* Guitar.swift in Sources */ = {isa = PBXBuildFile; fileRef = 358F859E26C9654E0032B711 /* Guitar.swift */; };
		358F85A126C965690032B711 /* Inventory.swift in Sources */ = {isa = PBXBuildFile; fileRef = 358F85A026C965690032B711 /* Inventory.swift */; };
		358F85A526C96B200032B711 /* GuitarSpec.swift in Sources */ = {isa = PBXBuildFile; fileRef = 358F85A426C96B200032B711 /* GuitarSpec.swift */; };
		35F3EEDF26C956C800ABBE3A /* AppDelegate.swift in Sources */ = {isa = PBXBuildFile; fileRef = 35F3EEDE26C956C800ABBE3A /* AppDelegate.swift */; };
		35F3EEE126C956C800ABBE3A /* SceneDelegate.swift in Sources */ = {isa = PBXBuildFile; fileRef = 35F3EEE026C956C800ABBE3A /* SceneDelegate.swift */; };
		35F3EEE326C956C800ABBE3A /* ViewController.swift in Sources */ = {isa = PBXBuildFile; fileRef = 35F3EEE226C956C800ABBE3A /* ViewController.swift */; };
		35F3EEE626C956C800ABBE3A /* Main.storyboard in Resources */ = {isa = PBXBuildFile; fileRef = 35F3EEE426C956C800ABBE3A /* Main.storyboard */; };
		35F3EEE826C956C900ABBE3A /* Assets.xcassets in Resources */ = {isa = PBXBuildFile; fileRef = 35F3EEE726C956C900ABBE3A /* Assets.xcassets */; };
		35F3EEEB26C956C900ABBE3A /* LaunchScreen.storyboard in Resources */ = {isa = PBXBuildFile; fileRef = 35F3EEE926C956C900ABBE3A /* LaunchScreen.storyboard */; };
		35F3EEF626C956CA00ABBE3A /* HeadFirstOOADTests.swift in Sources */ = {isa = PBXBuildFile; fileRef = 35F3EEF526C956CA00ABBE3A /* HeadFirstOOADTests.swift */; };
		35F3EF0126C956CA00ABBE3A /* HeadFirstOOADUITests.swift in Sources */ = {isa = PBXBuildFile; fileRef = 35F3EF0026C956CA00ABBE3A /* HeadFirstOOADUITests.swift */; };
/* End PBXBuildFile section */

/* Begin PBXContainerItemProxy section */
		35F3EEF226C956CA00ABBE3A /* PBXContainerItemProxy */ = {
			isa = PBXContainerItemProxy;
			containerPortal = 35F3EED326C956C800ABBE3A /* Project object */;
			proxyType = 1;
			remoteGlobalIDString = 35F3EEDA26C956C800ABBE3A;
			remoteInfo = HeadFirstOOAD;
		};
		35F3EEFD26C956CA00ABBE3A /* PBXContainerItemProxy */ = {
			isa = PBXContainerItemProxy;
			containerPortal = 35F3EED326C956C800ABBE3A /* Project object */;
			proxyType = 1;
			remoteGlobalIDString = 35F3EEDA26C956C800ABBE3A;
			remoteInfo = HeadFirstOOAD;
		};
/* End PBXContainerItemProxy section */

/* Begin PBXFileReference section */
		3551F7AB26DB5CEA000B95F1 /* DogDoor.swift */ = {isa = PBXFileReference; lastKnownFileType = sourcecode.swift; path = DogDoor.swift; sourceTree = "<group>"; };
		3551F7AD26DB5D8E000B95F1 /* Remote.swift */ = {isa = PBXFileReference; lastKnownFileType = sourcecode.swift; path = Remote.swift; sourceTree = "<group>"; };
		357F6CE626DB67B8000FB97C /* RemoteTests.swift */ = {isa = PBXFileReference; lastKnownFileType = sourcecode.swift; path = RemoteTests.swift; sourceTree = "<group>"; };
		358F859826C95D840032B711 /* FindGuitarTests.swift */ = {isa = PBXFileReference; lastKnownFileType = sourcecode.swift; path = FindGuitarTests.swift; sourceTree = "<group>"; };
		358F859E26C9654E0032B711 /* Guitar.swift */ = {isa = PBXFileReference; lastKnownFileType = sourcecode.swift; path = Guitar.swift; sourceTree = "<group>"; };
		358F85A026C965690032B711 /* Inventory.swift */ = {isa = PBXFileReference; lastKnownFileType = sourcecode.swift; path = Inventory.swift; sourceTree = "<group>"; };
		358F85A426C96B200032B711 /* GuitarSpec.swift */ = {isa = PBXFileReference; lastKnownFileType = sourcecode.swift; path = GuitarSpec.swift; sourceTree = "<group>"; };
		35F3EEDB26C956C800ABBE3A /* HeadFirstOOAD.app */ = {isa = PBXFileReference; explicitFileType = wrapper.application; includeInIndex = 0; path = HeadFirstOOAD.app; sourceTree = BUILT_PRODUCTS_DIR; };
		35F3EEDE26C956C800ABBE3A /* AppDelegate.swift */ = {isa = PBXFileReference; lastKnownFileType = sourcecode.swift; path = AppDelegate.swift; sourceTree = "<group>"; };
		35F3EEE026C956C800ABBE3A /* SceneDelegate.swift */ = {isa = PBXFileReference; lastKnownFileType = sourcecode.swift; path = SceneDelegate.swift; sourceTree = "<group>"; };
		35F3EEE226C956C800ABBE3A /* ViewController.swift */ = {isa = PBXFileReference; lastKnownFileType = sourcecode.swift; path = ViewController.swift; sourceTree = "<group>"; };
		35F3EEE526C956C800ABBE3A /* Base */ = {isa = PBXFileReference; lastKnownFileType = file.storyboard; name = Base; path = Base.lproj/Main.storyboard; sourceTree = "<group>"; };
		35F3EEE726C956C900ABBE3A /* Assets.xcassets */ = {isa = PBXFileReference; lastKnownFileType = folder.assetcatalog; path = Assets.xcassets; sourceTree = "<group>"; };
		35F3EEEA26C956C900ABBE3A /* Base */ = {isa = PBXFileReference; lastKnownFileType = file.storyboard; name = Base; path = Base.lproj/LaunchScreen.storyboard; sourceTree = "<group>"; };
		35F3EEEC26C956C900ABBE3A /* Info.plist */ = {isa = PBXFileReference; lastKnownFileType = text.plist.xml; path = Info.plist; sourceTree = "<group>"; };
		35F3EEF126C956CA00ABBE3A /* HeadFirstOOADTests.xctest */ = {isa = PBXFileReference; explicitFileType = wrapper.cfbundle; includeInIndex = 0; path = HeadFirstOOADTests.xctest; sourceTree = BUILT_PRODUCTS_DIR; };
		35F3EEF526C956CA00ABBE3A /* HeadFirstOOADTests.swift */ = {isa = PBXFileReference; lastKnownFileType = sourcecode.swift; path = HeadFirstOOADTests.swift; sourceTree = "<group>"; };
		35F3EEF726C956CA00ABBE3A /* Info.plist */ = {isa = PBXFileReference; lastKnownFileType = text.plist.xml; path = Info.plist; sourceTree = "<group>"; };
		35F3EEFC26C956CA00ABBE3A /* HeadFirstOOADUITests.xctest */ = {isa = PBXFileReference; explicitFileType = wrapper.cfbundle; includeInIndex = 0; path = HeadFirstOOADUITests.xctest; sourceTree = BUILT_PRODUCTS_DIR; };
		35F3EF0026C956CA00ABBE3A /* HeadFirstOOADUITests.swift */ = {isa = PBXFileReference; lastKnownFileType = sourcecode.swift; path = HeadFirstOOADUITests.swift; sourceTree = "<group>"; };
		35F3EF0226C956CA00ABBE3A /* Info.plist */ = {isa = PBXFileReference; lastKnownFileType = text.plist.xml; path = Info.plist; sourceTree = "<group>"; };
/* End PBXFileReference section */

/* Begin PBXFrameworksBuildPhase section */
		35F3EED826C956C800ABBE3A /* Frameworks */ = {
			isa = PBXFrameworksBuildPhase;
			buildActionMask = 2147483647;
			files = (
			);
			runOnlyForDeploymentPostprocessing = 0;
		};
		35F3EEEE26C956CA00ABBE3A /* Frameworks */ = {
			isa = PBXFrameworksBuildPhase;
			buildActionMask = 2147483647;
			files = (
			);
			runOnlyForDeploymentPostprocessing = 0;
		};
		35F3EEF926C956CA00ABBE3A /* Frameworks */ = {
			isa = PBXFrameworksBuildPhase;
			buildActionMask = 2147483647;
			files = (
			);
			runOnlyForDeploymentPostprocessing = 0;
		};
/* End PBXFrameworksBuildPhase section */

/* Begin PBXGroup section */
		3551F7A826DB5CB4000B95F1 /* Guitar */ = {
			isa = PBXGroup;
			children = (
				358F859E26C9654E0032B711 /* Guitar.swift */,
				358F85A026C965690032B711 /* Inventory.swift */,
				358F85A426C96B200032B711 /* GuitarSpec.swift */,
			);
			path = Guitar;
			sourceTree = "<group>";
		};
		3551F7A926DB5CCD000B95F1 /* Guitar */ = {
			isa = PBXGroup;
			children = (
				358F859826C95D840032B711 /* FindGuitarTests.swift */,
			);
			path = Guitar;
			sourceTree = "<group>";
		};
		3551F7AA26DB5CD9000B95F1 /* Dog */ = {
			isa = PBXGroup;
			children = (
				3551F7AB26DB5CEA000B95F1 /* DogDoor.swift */,
				3551F7AD26DB5D8E000B95F1 /* Remote.swift */,
			);
			path = Dog;
			sourceTree = "<group>";
		};
		3551F7AF26DB5E22000B95F1 /* Door */ = {
			isa = PBXGroup;
			children = (
				357F6CE626DB67B8000FB97C /* RemoteTests.swift */,
			);
			path = Door;
			sourceTree = "<group>";
		};
		35F3EED226C956C800ABBE3A = {
			isa = PBXGroup;
			children = (
				35F3EEDD26C956C800ABBE3A /* HeadFirstOOAD */,
				35F3EEF426C956CA00ABBE3A /* HeadFirstOOADTests */,
				35F3EEFF26C956CA00ABBE3A /* HeadFirstOOADUITests */,
				35F3EEDC26C956C800ABBE3A /* Products */,
			);
			sourceTree = "<group>";
		};
		35F3EEDC26C956C800ABBE3A /* Products */ = {
			isa = PBXGroup;
			children = (
				35F3EEDB26C956C800ABBE3A /* HeadFirstOOAD.app */,
				35F3EEF126C956CA00ABBE3A /* HeadFirstOOADTests.xctest */,
				35F3EEFC26C956CA00ABBE3A /* HeadFirstOOADUITests.xctest */,
			);
			name = Products;
			sourceTree = "<group>";
		};
		35F3EEDD26C956C800ABBE3A /* HeadFirstOOAD */ = {
			isa = PBXGroup;
			children = (
				3551F7AA26DB5CD9000B95F1 /* Dog */,
				3551F7A826DB5CB4000B95F1 /* Guitar */,
				35F3EEDE26C956C800ABBE3A /* AppDelegate.swift */,
				35F3EEE026C956C800ABBE3A /* SceneDelegate.swift */,
				35F3EEE226C956C800ABBE3A /* ViewController.swift */,
				35F3EEE426C956C800ABBE3A /* Main.storyboard */,
				35F3EEE726C956C900ABBE3A /* Assets.xcassets */,
				35F3EEE926C956C900ABBE3A /* LaunchScreen.storyboard */,
				35F3EEEC26C956C900ABBE3A /* Info.plist */,
			);
			path = HeadFirstOOAD;
			sourceTree = "<group>";
		};
		35F3EEF426C956CA00ABBE3A /* HeadFirstOOADTests */ = {
			isa = PBXGroup;
			children = (
				3551F7AF26DB5E22000B95F1 /* Door */,
				3551F7A926DB5CCD000B95F1 /* Guitar */,
				35F3EEF526C956CA00ABBE3A /* HeadFirstOOADTests.swift */,
				35F3EEF726C956CA00ABBE3A /* Info.plist */,
			);
			path = HeadFirstOOADTests;
			sourceTree = "<group>";
		};
		35F3EEFF26C956CA00ABBE3A /* HeadFirstOOADUITests */ = {
			isa = PBXGroup;
			children = (
				35F3EF0026C956CA00ABBE3A /* HeadFirstOOADUITests.swift */,
				35F3EF0226C956CA00ABBE3A /* Info.plist */,
			);
			path = HeadFirstOOADUITests;
			sourceTree = "<group>";
		};
/* End PBXGroup section */

/* Begin PBXNativeTarget section */
		35F3EEDA26C956C800ABBE3A /* HeadFirstOOAD */ = {
			isa = PBXNativeTarget;
			buildConfigurationList = 35F3EF0526C956CA00ABBE3A /* Build configuration list for PBXNativeTarget "HeadFirstOOAD" */;
			buildPhases = (
				35F3EED726C956C800ABBE3A /* Sources */,
				35F3EED826C956C800ABBE3A /* Frameworks */,
				35F3EED926C956C800ABBE3A /* Resources */,
			);
			buildRules = (
			);
			dependencies = (
			);
			name = HeadFirstOOAD;
			productName = HeadFirstOOAD;
			productReference = 35F3EEDB26C956C800ABBE3A /* HeadFirstOOAD.app */;
			productType = "com.apple.product-type.application";
		};
		35F3EEF026C956CA00ABBE3A /* HeadFirstOOADTests */ = {
			isa = PBXNativeTarget;
			buildConfigurationList = 35F3EF0826C956CA00ABBE3A /* Build configuration list for PBXNativeTarget "HeadFirstOOADTests" */;
			buildPhases = (
				35F3EEED26C956CA00ABBE3A /* Sources */,
				35F3EEEE26C956CA00ABBE3A /* Frameworks */,
				35F3EEEF26C956CA00ABBE3A /* Resources */,
			);
			buildRules = (
			);
			dependencies = (
				35F3EEF326C956CA00ABBE3A /* PBXTargetDependency */,
			);
			name = HeadFirstOOADTests;
			productName = HeadFirstOOADTests;
			productReference = 35F3EEF126C956CA00ABBE3A /* HeadFirstOOADTests.xctest */;
			productType = "com.apple.product-type.bundle.unit-test";
		};
		35F3EEFB26C956CA00ABBE3A /* HeadFirstOOADUITests */ = {
			isa = PBXNativeTarget;
			buildConfigurationList = 35F3EF0B26C956CA00ABBE3A /* Build configuration list for PBXNativeTarget "HeadFirstOOADUITests" */;
			buildPhases = (
				35F3EEF826C956CA00ABBE3A /* Sources */,
				35F3EEF926C956CA00ABBE3A /* Frameworks */,
				35F3EEFA26C956CA00ABBE3A /* Resources */,
			);
			buildRules = (
			);
			dependencies = (
				35F3EEFE26C956CA00ABBE3A /* PBXTargetDependency */,
			);
			name = HeadFirstOOADUITests;
			productName = HeadFirstOOADUITests;
			productReference = 35F3EEFC26C956CA00ABBE3A /* HeadFirstOOADUITests.xctest */;
			productType = "com.apple.product-type.bundle.ui-testing";
		};
/* End PBXNativeTarget section */

/* Begin PBXProject section */
		35F3EED326C956C800ABBE3A /* Project object */ = {
			isa = PBXProject;
			attributes = {
				LastSwiftUpdateCheck = 1250;
				LastUpgradeCheck = 1250;
				TargetAttributes = {
					35F3EEDA26C956C800ABBE3A = {
						CreatedOnToolsVersion = 12.5;
					};
					35F3EEF026C956CA00ABBE3A = {
						CreatedOnToolsVersion = 12.5;
						TestTargetID = 35F3EEDA26C956C800ABBE3A;
					};
					35F3EEFB26C956CA00ABBE3A = {
						CreatedOnToolsVersion = 12.5;
						TestTargetID = 35F3EEDA26C956C800ABBE3A;
					};
				};
			};
			buildConfigurationList = 35F3EED626C956C800ABBE3A /* Build configuration list for PBXProject "HeadFirstOOAD" */;
			compatibilityVersion = "Xcode 9.3";
			developmentRegion = en;
			hasScannedForEncodings = 0;
			knownRegions = (
				en,
				Base,
			);
			mainGroup = 35F3EED226C956C800ABBE3A;
			productRefGroup = 35F3EEDC26C956C800ABBE3A /* Products */;
			projectDirPath = "";
			projectRoot = "";
			targets = (
				35F3EEDA26C956C800ABBE3A /* HeadFirstOOAD */,
				35F3EEF026C956CA00ABBE3A /* HeadFirstOOADTests */,
				35F3EEFB26C956CA00ABBE3A /* HeadFirstOOADUITests */,
			);
		};
/* End PBXProject section */

/* Begin PBXResourcesBuildPhase section */
		35F3EED926C956C800ABBE3A /* Resources */ = {
			isa = PBXResourcesBuildPhase;
			buildActionMask = 2147483647;
			files = (
				35F3EEEB26C956C900ABBE3A /* LaunchScreen.storyboard in Resources */,
				35F3EEE826C956C900ABBE3A /* Assets.xcassets in Resources */,
				35F3EEE626C956C800ABBE3A /* Main.storyboard in Resources */,
			);
			runOnlyForDeploymentPostprocessing = 0;
		};
		35F3EEEF26C956CA00ABBE3A /* Resources */ = {
			isa = PBXResourcesBuildPhase;
			buildActionMask = 2147483647;
			files = (
			);
			runOnlyForDeploymentPostprocessing = 0;
		};
		35F3EEFA26C956CA00ABBE3A /* Resources */ = {
			isa = PBXResourcesBuildPhase;
			buildActionMask = 2147483647;
			files = (
			);
			runOnlyForDeploymentPostprocessing = 0;
		};
/* End PBXResourcesBuildPhase section */

/* Begin PBXSourcesBuildPhase section */
		35F3EED726C956C800ABBE3A /* Sources */ = {
			isa = PBXSourcesBuildPhase;
			buildActionMask = 2147483647;
			files = (
				358F85A126C965690032B711 /* Inventory.swift in Sources */,
				35F3EEE326C956C800ABBE3A /* ViewController.swift in Sources */,
				3551F7AC26DB5CEA000B95F1 /* DogDoor.swift in Sources */,
				3551F7AE26DB5D8E000B95F1 /* Remote.swift in Sources */,
				358F85A526C96B200032B711 /* GuitarSpec.swift in Sources */,
				35F3EEDF26C956C800ABBE3A /* AppDelegate.swift in Sources */,
				35F3EEE126C956C800ABBE3A /* SceneDelegate.swift in Sources */,
				358F859F26C9654E0032B711 /* Guitar.swift in Sources */,
			);
			runOnlyForDeploymentPostprocessing = 0;
		};
		35F3EEED26C956CA00ABBE3A /* Sources */ = {
			isa = PBXSourcesBuildPhase;
			buildActionMask = 2147483647;
			files = (
				358F859926C95D840032B711 /* FindGuitarTests.swift in Sources */,
				357F6CE726DB67B8000FB97C /* RemoteTests.swift in Sources */,
				35F3EEF626C956CA00ABBE3A /* HeadFirstOOADTests.swift in Sources */,
			);
			runOnlyForDeploymentPostprocessing = 0;
		};
		35F3EEF826C956CA00ABBE3A /* Sources */ = {
			isa = PBXSourcesBuildPhase;
			buildActionMask = 2147483647;
			files = (
				35F3EF0126C956CA00ABBE3A /* HeadFirstOOADUITests.swift in Sources */,
			);
			runOnlyForDeploymentPostprocessing = 0;
		};
/* End PBXSourcesBuildPhase section */

/* Begin PBXTargetDependency section */
		35F3EEF326C956CA00ABBE3A /* PBXTargetDependency */ = {
			isa = PBXTargetDependency;
			target = 35F3EEDA26C956C800ABBE3A /* HeadFirstOOAD */;
			targetProxy = 35F3EEF226C956CA00ABBE3A /* PBXContainerItemProxy */;
		};
		35F3EEFE26C956CA00ABBE3A /* PBXTargetDependency */ = {
			isa = PBXTargetDependency;
			target = 35F3EEDA26C956C800ABBE3A /* HeadFirstOOAD */;
			targetProxy = 35F3EEFD26C956CA00ABBE3A /* PBXContainerItemProxy */;
		};
/* End PBXTargetDependency section */

/* Begin PBXVariantGroup section */
		35F3EEE426C956C800ABBE3A /* Main.storyboard */ = {
			isa = PBXVariantGroup;
			children = (
				35F3EEE526C956C800ABBE3A /* Base */,
			);
			name = Main.storyboard;
			sourceTree = "<group>";
		};
		35F3EEE926C956C900ABBE3A /* LaunchScreen.storyboard */ = {
			isa = PBXVariantGroup;
			children = (
				35F3EEEA26C956C900ABBE3A /* Base */,
			);
			name = LaunchScreen.storyboard;
			sourceTree = "<group>";
		};
/* End PBXVariantGroup section */

/* Begin XCBuildConfiguration section */
		35F3EF0326C956CA00ABBE3A /* Debug */ = {
			isa = XCBuildConfiguration;
			buildSettings = {
				ALWAYS_SEARCH_USER_PATHS = NO;
				CLANG_ANALYZER_NONNULL = YES;
				CLANG_ANALYZER_NUMBER_OBJECT_CONVERSION = YES_AGGRESSIVE;
				CLANG_CXX_LANGUAGE_STANDARD = "gnu++14";
				CLANG_CXX_LIBRARY = "libc++";
				CLANG_ENABLE_MODULES = YES;
				CLANG_ENABLE_OBJC_ARC = YES;
				CLANG_ENABLE_OBJC_WEAK = YES;
				CLANG_WARN_BLOCK_CAPTURE_AUTORELEASING = YES;
				CLANG_WARN_BOOL_CONVERSION = YES;
				CLANG_WARN_COMMA = YES;
				CLANG_WARN_CONSTANT_CONVERSION = YES;
				CLANG_WARN_DEPRECATED_OBJC_IMPLEMENTATIONS = YES;
				CLANG_WARN_DIRECT_OBJC_ISA_USAGE = YES_ERROR;
				CLANG_WARN_DOCUMENTATION_COMMENTS = YES;
				CLANG_WARN_EMPTY_BODY = YES;
				CLANG_WARN_ENUM_CONVERSION = YES;
				CLANG_WARN_INFINITE_RECURSION = YES;
				CLANG_WARN_INT_CONVERSION = YES;
				CLANG_WARN_NON_LITERAL_NULL_CONVERSION = YES;
				CLANG_WARN_OBJC_IMPLICIT_RETAIN_SELF = YES;
				CLANG_WARN_OBJC_LITERAL_CONVERSION = YES;
				CLANG_WARN_OBJC_ROOT_CLASS = YES_ERROR;
				CLANG_WARN_QUOTED_INCLUDE_IN_FRAMEWORK_HEADER = YES;
				CLANG_WARN_RANGE_LOOP_ANALYSIS = YES;
				CLANG_WARN_STRICT_PROTOTYPES = YES;
				CLANG_WARN_SUSPICIOUS_MOVE = YES;
				CLANG_WARN_UNGUARDED_AVAILABILITY = YES_AGGRESSIVE;
				CLANG_WARN_UNREACHABLE_CODE = YES;
				CLANG_WARN__DUPLICATE_METHOD_MATCH = YES;
				COPY_PHASE_STRIP = NO;
				DEBUG_INFORMATION_FORMAT = dwarf;
				ENABLE_STRICT_OBJC_MSGSEND = YES;
				ENABLE_TESTABILITY = YES;
				GCC_C_LANGUAGE_STANDARD = gnu11;
				GCC_DYNAMIC_NO_PIC = NO;
				GCC_NO_COMMON_BLOCKS = YES;
				GCC_OPTIMIZATION_LEVEL = 0;
				GCC_PREPROCESSOR_DEFINITIONS = (
					"DEBUG=1",
					"$(inherited)",
				);
				GCC_WARN_64_TO_32_BIT_CONVERSION = YES;
				GCC_WARN_ABOUT_RETURN_TYPE = YES_ERROR;
				GCC_WARN_UNDECLARED_SELECTOR = YES;
				GCC_WARN_UNINITIALIZED_AUTOS = YES_AGGRESSIVE;
				GCC_WARN_UNUSED_FUNCTION = YES;
				GCC_WARN_UNUSED_VARIABLE = YES;
				IPHONEOS_DEPLOYMENT_TARGET = 14.5;
				MTL_ENABLE_DEBUG_INFO = INCLUDE_SOURCE;
				MTL_FAST_MATH = YES;
				ONLY_ACTIVE_ARCH = YES;
				SDKROOT = iphoneos;
				SWIFT_ACTIVE_COMPILATION_CONDITIONS = DEBUG;
				SWIFT_OPTIMIZATION_LEVEL = "-Onone";
			};
			name = Debug;
		};
		35F3EF0426C956CA00ABBE3A /* Release */ = {
			isa = XCBuildConfiguration;
			buildSettings = {
				ALWAYS_SEARCH_USER_PATHS = NO;
				CLANG_ANALYZER_NONNULL = YES;
				CLANG_ANALYZER_NUMBER_OBJECT_CONVERSION = YES_AGGRESSIVE;
				CLANG_CXX_LANGUAGE_STANDARD = "gnu++14";
				CLANG_CXX_LIBRARY = "libc++";
				CLANG_ENABLE_MODULES = YES;
				CLANG_ENABLE_OBJC_ARC = YES;
				CLANG_ENABLE_OBJC_WEAK = YES;
				CLANG_WARN_BLOCK_CAPTURE_AUTORELEASING = YES;
				CLANG_WARN_BOOL_CONVERSION = YES;
				CLANG_WARN_COMMA = YES;
				CLANG_WARN_CONSTANT_CONVERSION = YES;
				CLANG_WARN_DEPRECATED_OBJC_IMPLEMENTATIONS = YES;
				CLANG_WARN_DIRECT_OBJC_ISA_USAGE = YES_ERROR;
				CLANG_WARN_DOCUMENTATION_COMMENTS = YES;
				CLANG_WARN_EMPTY_BODY = YES;
				CLANG_WARN_ENUM_CONVERSION = YES;
				CLANG_WARN_INFINITE_RECURSION = YES;
				CLANG_WARN_INT_CONVERSION = YES;
				CLANG_WARN_NON_LITERAL_NULL_CONVERSION = YES;
				CLANG_WARN_OBJC_IMPLICIT_RETAIN_SELF = YES;
				CLANG_WARN_OBJC_LITERAL_CONVERSION = YES;
				CLANG_WARN_OBJC_ROOT_CLASS = YES_ERROR;
				CLANG_WARN_QUOTED_INCLUDE_IN_FRAMEWORK_HEADER = YES;
				CLANG_WARN_RANGE_LOOP_ANALYSIS = YES;
				CLANG_WARN_STRICT_PROTOTYPES = YES;
				CLANG_WARN_SUSPICIOUS_MOVE = YES;
				CLANG_WARN_UNGUARDED_AVAILABILITY = YES_AGGRESSIVE;
				CLANG_WARN_UNREACHABLE_CODE = YES;
				CLANG_WARN__DUPLICATE_METHOD_MATCH = YES;
				COPY_PHASE_STRIP = NO;
				DEBUG_INFORMATION_FORMAT = "dwarf-with-dsym";
				ENABLE_NS_ASSERTIONS = NO;
				ENABLE_STRICT_OBJC_MSGSEND = YES;
				GCC_C_LANGUAGE_STANDARD = gnu11;
				GCC_NO_COMMON_BLOCKS = YES;
				GCC_WARN_64_TO_32_BIT_CONVERSION = YES;
				GCC_WARN_ABOUT_RETURN_TYPE = YES_ERROR;
				GCC_WARN_UNDECLARED_SELECTOR = YES;
				GCC_WARN_UNINITIALIZED_AUTOS = YES_AGGRESSIVE;
				GCC_WARN_UNUSED_FUNCTION = YES;
				GCC_WARN_UNUSED_VARIABLE = YES;
				IPHONEOS_DEPLOYMENT_TARGET = 14.5;
				MTL_ENABLE_DEBUG_INFO = NO;
				MTL_FAST_MATH = YES;
				SDKROOT = iphoneos;
				SWIFT_COMPILATION_MODE = wholemodule;
				SWIFT_OPTIMIZATION_LEVEL = "-O";
				VALIDATE_PRODUCT = YES;
			};
			name = Release;
		};
		35F3EF0626C956CA00ABBE3A /* Debug */ = {
			isa = XCBuildConfiguration;
			buildSettings = {
				ASSETCATALOG_COMPILER_APPICON_NAME = AppIcon;
				ASSETCATALOG_COMPILER_GLOBAL_ACCENT_COLOR_NAME = AccentColor;
				CODE_SIGN_STYLE = Automatic;
				INFOPLIST_FILE = HeadFirstOOAD/Info.plist;
				LD_RUNPATH_SEARCH_PATHS = (
					"$(inherited)",
					"@executable_path/Frameworks",
				);
				PRODUCT_BUNDLE_IDENTIFIER = "Will-peng.HeadFirstOOAD";
				PRODUCT_NAME = "$(TARGET_NAME)";
				SWIFT_VERSION = 5.0;
				TARGETED_DEVICE_FAMILY = "1,2";
			};
			name = Debug;
		};
		35F3EF0726C956CA00ABBE3A /* Release */ = {
			isa = XCBuildConfiguration;
			buildSettings = {
				ASSETCATALOG_COMPILER_APPICON_NAME = AppIcon;
				ASSETCATALOG_COMPILER_GLOBAL_ACCENT_COLOR_NAME = AccentColor;
				CODE_SIGN_STYLE = Automatic;
				INFOPLIST_FILE = HeadFirstOOAD/Info.plist;
				LD_RUNPATH_SEARCH_PATHS = (
					"$(inherited)",
					"@executable_path/Frameworks",
				);
				PRODUCT_BUNDLE_IDENTIFIER = "Will-peng.HeadFirstOOAD";
				PRODUCT_NAME = "$(TARGET_NAME)";
				SWIFT_VERSION = 5.0;
				TARGETED_DEVICE_FAMILY = "1,2";
			};
			name = Release;
		};
		35F3EF0926C956CA00ABBE3A /* Debug */ = {
			isa = XCBuildConfiguration;
			buildSettings = {
				ALWAYS_EMBED_SWIFT_STANDARD_LIBRARIES = YES;
				BUNDLE_LOADER = "$(TEST_HOST)";
				CODE_SIGN_STYLE = Automatic;
				INFOPLIST_FILE = HeadFirstOOADTests/Info.plist;
				IPHONEOS_DEPLOYMENT_TARGET = 14.5;
				LD_RUNPATH_SEARCH_PATHS = (
					"$(inherited)",
					"@executable_path/Frameworks",
					"@loader_path/Frameworks",
				);
				PRODUCT_BUNDLE_IDENTIFIER = "Will-peng.HeadFirstOOADTests";
				PRODUCT_NAME = "$(TARGET_NAME)";
				SWIFT_VERSION = 5.0;
				TARGETED_DEVICE_FAMILY = "1,2";
				TEST_HOST = "$(BUILT_PRODUCTS_DIR)/HeadFirstOOAD.app/HeadFirstOOAD";
			};
			name = Debug;
		};
		35F3EF0A26C956CA00ABBE3A /* Release */ = {
			isa = XCBuildConfiguration;
			buildSettings = {
				ALWAYS_EMBED_SWIFT_STANDARD_LIBRARIES = YES;
				BUNDLE_LOADER = "$(TEST_HOST)";
				CODE_SIGN_STYLE = Automatic;
				INFOPLIST_FILE = HeadFirstOOADTests/Info.plist;
				IPHONEOS_DEPLOYMENT_TARGET = 14.5;
				LD_RUNPATH_SEARCH_PATHS = (
					"$(inherited)",
					"@executable_path/Frameworks",
					"@loader_path/Frameworks",
				);
				PRODUCT_BUNDLE_IDENTIFIER = "Will-peng.HeadFirstOOADTests";
				PRODUCT_NAME = "$(TARGET_NAME)";
				SWIFT_VERSION = 5.0;
				TARGETED_DEVICE_FAMILY = "1,2";
				TEST_HOST = "$(BUILT_PRODUCTS_DIR)/HeadFirstOOAD.app/HeadFirstOOAD";
			};
			name = Release;
		};
		35F3EF0C26C956CA00ABBE3A /* Debug */ = {
			isa = XCBuildConfiguration;
			buildSettings = {
				ALWAYS_EMBED_SWIFT_STANDARD_LIBRARIES = YES;
				CODE_SIGN_STYLE = Automatic;
				INFOPLIST_FILE = HeadFirstOOADUITests/Info.plist;
				LD_RUNPATH_SEARCH_PATHS = (
					"$(inherited)",
					"@executable_path/Frameworks",
					"@loader_path/Frameworks",
				);
				PRODUCT_BUNDLE_IDENTIFIER = "Will-peng.HeadFirstOOADUITests";
				PRODUCT_NAME = "$(TARGET_NAME)";
				SWIFT_VERSION = 5.0;
				TARGETED_DEVICE_FAMILY = "1,2";
				TEST_TARGET_NAME = HeadFirstOOAD;
			};
			name = Debug;
		};
		35F3EF0D26C956CA00ABBE3A /* Release */ = {
			isa = XCBuildConfiguration;
			buildSettings = {
				ALWAYS_EMBED_SWIFT_STANDARD_LIBRARIES = YES;
				CODE_SIGN_STYLE = Automatic;
				INFOPLIST_FILE = HeadFirstOOADUITests/Info.plist;
				LD_RUNPATH_SEARCH_PATHS = (
					"$(inherited)",
					"@executable_path/Frameworks",
					"@loader_path/Frameworks",
				);
				PRODUCT_BUNDLE_IDENTIFIER = "Will-peng.HeadFirstOOADUITests";
				PRODUCT_NAME = "$(TARGET_NAME)";
				SWIFT_VERSION = 5.0;
				TARGETED_DEVICE_FAMILY = "1,2";
				TEST_TARGET_NAME = HeadFirstOOAD;
			};
			name = Release;
		};
/* End XCBuildConfiguration section */

/* Begin XCConfigurationList section */
		35F3EED626C956C800ABBE3A /* Build configuration list for PBXProject "HeadFirstOOAD" */ = {
			isa = XCConfigurationList;
			buildConfigurations = (
				35F3EF0326C956CA00ABBE3A /* Debug */,
				35F3EF0426C956CA00ABBE3A /* Release */,
			);
			defaultConfigurationIsVisible = 0;
			defaultConfigurationName = Release;
		};
		35F3EF0526C956CA00ABBE3A /* Build configuration list for PBXNativeTarget "HeadFirstOOAD" */ = {
			isa = XCConfigurationList;
			buildConfigurations = (
				35F3EF0626C956CA00ABBE3A /* Debug */,
				35F3EF0726C956CA00ABBE3A /* Release */,
			);
			defaultConfigurationIsVisible = 0;
			defaultConfigurationName = Release;
		};
		35F3EF0826C956CA00ABBE3A /* Build configuration list for PBXNativeTarget "HeadFirstOOADTests" */ = {
			isa = XCConfigurationList;
			buildConfigurations = (
				35F3EF0926C956CA00ABBE3A /* Debug */,
				35F3EF0A26C956CA00ABBE3A /* Release */,
			);
			defaultConfigurationIsVisible = 0;
			defaultConfigurationName = Release;
		};
		35F3EF0B26C956CA00ABBE3A /* Build configuration list for PBXNativeTarget "HeadFirstOOADUITests" */ = {
			isa = XCConfigurationList;
			buildConfigurations = (
				35F3EF0C26C956CA00ABBE3A /* Debug */,
				35F3EF0D26C956CA00ABBE3A /* Release */,
			);
			defaultConfigurationIsVisible = 0;
			defaultConfigurationName = Release;
		};
/* End XCConfigurationList section */
	};
	rootObject = 35F3EED326C956C800ABBE3A /* Project object */;
}
